
Microsoft Visual Studio Solution File, Format Version 12.00
# Visual Studio Version 17
VisualStudioVersion = 17.5.33516.290
MinimumVisualStudioVersion = 10.0.40219.1
Project("{9A19103F-16F7-4668-BE54-9A1E7A4F7556}") = "ToDoAPI", "ToDoAPI.csproj", "{60CF989A-4F45-4525-B05E-0CC5D8447873}"
EndProject
Global
	GlobalSection(SolutionConfigurationPlatforms) = preSolution
		Debug|Any CPU = Debug|Any CPU
		Release|Any CPU = Release|Any CPU
	EndGlobalSection
	GlobalSection(ProjectConfigurationPlatforms) = postSolution
		{60CF989A-4F45-4525-B05E-0CC5D8447873}.Debug|Any CPU.ActiveCfg = Debug|Any CPU
		{60CF989A-4F45-4525-B05E-0CC5D8447873}.Debug|Any CPU.Build.0 = Debug|Any CPU
		{60CF989A-4F45-4525-B05E-0CC5D8447873}.Release|Any CPU.ActiveCfg = Release|Any CPU
		{60CF989A-4F45-4525-B05E-0CC5D8447873}.Release|Any CPU.Build.0 = Release|Any CPU
	EndGlobalSection
	GlobalSection(SolutionProperties) = preSolution
		HideSolutionNode = FALSE
	EndGlobalSection
	GlobalSection(ExtensibilityGlobals) = postSolution
		SolutionGuid = {269EDD59-38EA-4A3D-B9B0-D4B8FF3D396D}
	EndGlobalSection
EndGlobal
