
Microsoft Visual Studio Solution File, Format Version 12.00
# Visual Studio Version 17
VisualStudioVersion = 17.5.33516.290
MinimumVisualStudioVersion = 10.0.40219.1
Project("{9A19103F-16F7-4668-BE54-9A1E7A4F7556}") = "PersonAPI", "PersonAPI.csproj", "{9DE5701D-B649-4B4A-AFDD-51CDFB8C1F8F}"
EndProject
Global
	GlobalSection(SolutionConfigurationPlatforms) = preSolution
		Debug|Any CPU = Debug|Any CPU
		Release|Any CPU = Release|Any CPU
	EndGlobalSection
	GlobalSection(ProjectConfigurationPlatforms) = postSolution
		{9DE5701D-B649-4B4A-AFDD-51CDFB8C1F8F}.Debug|Any CPU.ActiveCfg = Debug|Any CPU
		{9DE5701D-B649-4B4A-AFDD-51CDFB8C1F8F}.Debug|Any CPU.Build.0 = Debug|Any CPU
		{9DE5701D-B649-4B4A-AFDD-51CDFB8C1F8F}.Release|Any CPU.ActiveCfg = Release|Any CPU
		{9DE5701D-B649-4B4A-AFDD-51CDFB8C1F8F}.Release|Any CPU.Build.0 = Release|Any CPU
	EndGlobalSection
	GlobalSection(SolutionProperties) = preSolution
		HideSolutionNode = FALSE
	EndGlobalSection
	GlobalSection(ExtensibilityGlobals) = postSolution
		SolutionGuid = {762F748D-6230-4725-BEC8-030F6C36AABF}
	EndGlobalSection
EndGlobal
